
Microsoft Visual Studio Solution File, Format Version 12.00
# Visual Studio Version 17
VisualStudioVersion = 17.5.002.0
MinimumVisualStudioVersion = 10.0.40219.1
Project("{9A19103F-16F7-4668-BE54-9A1E7A4F7556}") = "Listor", "Listor.csproj", "{27221BCA-5732-4C73-943E-B208BE7F649F}"
EndProject
Project("{FAE04EC0-301F-11D3-BF4B-00C04F79EFBC}") = "klasser2.0", "klasser2.0\klasser2.0.csproj", "{F58D41F2-FC2F-4D1E-8483-CC4A96DF6E23}"
EndProject
Global
	GlobalSection(SolutionConfigurationPlatforms) = preSolution
		Debug|Any CPU = Debug|Any CPU
		Release|Any CPU = Release|Any CPU
	EndGlobalSection
	GlobalSection(ProjectConfigurationPlatforms) = postSolution
		{27221BCA-5732-4C73-943E-B208BE7F649F}.Debug|Any CPU.ActiveCfg = Debug|Any CPU
		{27221BCA-5732-4C73-943E-B208BE7F649F}.Debug|Any CPU.Build.0 = Debug|Any CPU
		{27221BCA-5732-4C73-943E-B208BE7F649F}.Release|Any CPU.ActiveCfg = Release|Any CPU
		{27221BCA-5732-4C73-943E-B208BE7F649F}.Release|Any CPU.Build.0 = Release|Any CPU
		{F58D41F2-FC2F-4D1E-8483-CC4A96DF6E23}.Debug|Any CPU.ActiveCfg = Debug|Any CPU
		{F58D41F2-FC2F-4D1E-8483-CC4A96DF6E23}.Debug|Any CPU.Build.0 = Debug|Any CPU
		{F58D41F2-FC2F-4D1E-8483-CC4A96DF6E23}.Release|Any CPU.ActiveCfg = Release|Any CPU
		{F58D41F2-FC2F-4D1E-8483-CC4A96DF6E23}.Release|Any CPU.Build.0 = Release|Any CPU
	EndGlobalSection
	GlobalSection(SolutionProperties) = preSolution
		HideSolutionNode = FALSE
	EndGlobalSection
	GlobalSection(ExtensibilityGlobals) = postSolution
		SolutionGuid = {2E9227E9-C4A2-4374-8469-BAB9E77D05CD}
	EndGlobalSection
EndGlobal
